{
    "_meta": {
        "hash": {
            "sha256": "b9c1a97834edfc2aca4e44ddbde3b7dc57b92a93b711ef4c6ac0430b427cce76"
        },
        "pipfile-spec": 6,
        "requires": {
            "python_version": "3.12"
        },
        "sources": [
            {
                "name": "pypi",
                "url": "https://pypi.org/simple",
                "verify_ssl": true
            }
        ]
    },
    "default": {
        "adafruit-blinka": {
            "hashes": [
                "sha256:382d8a01a31fc427096bd0f3759e59560990bf8fc43f4e3b2ec5fb841427d718",
                "sha256:67c606a50e28b4c9464cc06eb5cea3457f166ba7968ebaa06a286bf27df51a9a"
            ],
            "index": "pypi",
            "markers": "python_full_version >= '3.7.0'",
            "version": "==8.35.0"
        },
        "adafruit-blinka-displayio": {
            "hashes": [
                "sha256:3530eb331b399f50b83e70e3c4ed30404ff431cf6529095305671c8b389d7730",
                "sha256:b2e72da4d76646732fd14f2d9587a1caebf5881831c1260c13d76d50a260d934"
            ],
            "version": "==1.2.2"
        },
        "adafruit-circuitpython-bitmap-font": {
            "hashes": [
                "sha256:4c0b0f26405123c1d35720c291c7cc806212da29c6056403a24c926990cb8c0e",
                "sha256:a3002226dc1625aa08df46c68404335b560e624492e665f6102f745de7564209"
            ],
            "index": "pypi",
            "version": "==2.0.2"
        },
        "adafruit-circuitpython-busdevice": {
            "hashes": [
                "sha256:9f25577843f0a338a0936a1b57436f4451f7783b38e3cf46160b6be78faeaa44",
                "sha256:ed06f5552e5567b0c89589c5bc6ef3adcac67d59eb505ce9127af99f33c2bc90"
            ],
            "version": "==5.2.6"
        },
        "adafruit-circuitpython-display-text": {
            "hashes": [
                "sha256:7d203dc000a57db80f245a5bfc9afa577a0cc265173562671ae85ef5629e5f39",
                "sha256:cb3116ad5c018435f88042e39c213355b9d13d25cb67aae31ac6e5e8de85f277"
            ],
            "index": "pypi",
            "version": "==3.0.4"
        },
        "adafruit-circuitpython-neopixel": {
            "hashes": [
                "sha256:0abb2f22917d550df99501d43cee3c96e8cdc9191042dbdfa368d4658ae132f6",
                "sha256:c7b7693e87bcb3549bc64394822c0a0f2846c4a076748c66059520300ec68ceb"
            ],
            "index": "pypi",
            "version": "==6.3.11"
        },
        "adafruit-circuitpython-pixelbuf": {
            "hashes": [
                "sha256:8ac3819adac3c45f33a81aa686975a7beb8a771e08e19c4e35c0c22d9de68a9a",
                "sha256:bd1278b60d82815a2cdf334329319e505f77cc5b98278859d4e706c97f0dded6"
            ],
            "version": "==2.0.4"
        },
        "adafruit-circuitpython-pn532": {
            "hashes": [
                "sha256:213734437d72695a3e489e06825d06a7dc60b7fdfe4a4314a87eca128823a7c5",
                "sha256:c4561e6c889f2603358e9fa989b3e25c9105e0b82e107e1ef6a93f2ca0874d77"
            ],
            "index": "pypi",
            "version": "==2.4.1"
        },
        "adafruit-circuitpython-requests": {
            "hashes": [
                "sha256:91e7634cd223ee3adf22ca3cf6e8f34713a56a3809031f37ec31b90a3a9f503f",
                "sha256:fec34d21be9d721a44bd1471e3651630eb7d394ce806de2fb39536dac73408aa"
            ],
            "index": "pypi",
            "version": "==2.0.2"
        },
        "adafruit-circuitpython-st7789": {
            "hashes": [
                "sha256:035bfbf60cd5e4f58dead4e98b0ce8c1ae47adb87974ae66a46fba38376ee82c",
                "sha256:3fac03b7f26f86036d56db493bc310a8ad81e2a33be3c54c5e001c761b273d72"
            ],
            "index": "pypi",
            "version": "==1.5.18"
        },
        "adafruit-circuitpython-typing": {
            "hashes": [
                "sha256:4c5c1eeb3ae8a3d2dfa75129654c73690fbdb576d9069542a6ea3355467e1e74",
                "sha256:4e23d6828deafa4dfd554fd7d3f06b8ff8e2cc554b9c7aecba9d778d45970c18"
            ],
            "markers": "python_version >= '3.8'",
            "version": "==1.10.3"
        },
        "adafruit-platformdetect": {
            "hashes": [
                "sha256:2f609ba96ab23a8e26abe2ac3bc1580321c29512855cc2d65ad7d8120d120f7e",
                "sha256:49f4099a0f2b9ab449b7d6ab89f98ebf18ff84ebab243383aa294f9a53c82430"
            ],
            "version": "==3.62.0"
        },
        "adafruit-pureio": {
            "hashes": [
                "sha256:281ab2099372cc0decc26326918996cbf21b8eed694ec4764d51eefa029d324e",
                "sha256:c4cfbb365731942d1f1092a116f47dfdae0aef18c5b27f1072b5824ad5ea8c7c"
            ],
            "markers": "python_full_version >= '3.5.0'",
            "version": "==1.1.11"
        },
        "pyftdi": {
            "hashes": [
                "sha256:6af7b6c73da1256fd5140076fe77a616c13e44dd0779dd561dac1b5981dbd43f",
                "sha256:a747bbbccc4eeea26cefa2c8bd3d2b8bef8c94ecb6969bb9c75a63640887519a"
            ],
            "markers": "python_version >= '3.8'",
            "version": "==0.55.0"
        },
        "pyserial": {
            "hashes": [
                "sha256:3c77e014170dfffbd816e6ffc205e9842efb10be9f58ec16d3e8675b4925cddb",
                "sha256:c4451db6ba391ca6ca299fb3ec7bae67a5c55dde170964c7a14ceefec02f2cf0"
            ],
            "version": "==3.5"
        },
        "pyusb": {
            "hashes": [
                "sha256:2b4c7cb86dbadf044dfb9d3a4ff69fd217013dbe78a792177a3feb172449ea36",
                "sha256:a4cc7404a203144754164b8b40994e2849fde1cfff06b08492f12fff9d9de7b9"
            ],
            "markers": "python_full_version >= '3.6.0'",
            "version": "==1.2.1"
        },
        "types-circuitpython": {
            "hashes": [
                "sha256:7f359f6a917c009e6efaefc2961dddc85bbea27404e8e03633033d556beb6fcb",
                "sha256:a7c13fd385f6cffae6c27cd8e583b3730cc3df78895ff9e56783990689c4c574"
            ],
            "index": "pypi",
            "markers": "python_full_version >= '3.7.0'",
            "version": "==8.1.0"
        },
        "typing-extensions": {
            "hashes": [
                "sha256:69b1a937c3a517342112fb4c6df7e72fc39a38e7891a5730ed4985b5214b5475",
                "sha256:b0abd7c89e8fb96f98db18d86106ff1d90ab692004eb746cf6eda2682f91b3cb"
            ],
            "markers": "python_version >= '3.8'",
            "version": "==4.10.0"
        }
    },
    "develop": {}
}
